
Microsoft Visual Studio Solution File, Format Version 12.00
# Visual Studio Version 16
VisualStudioVersion = 16.0.30320.27
MinimumVisualStudioVersion = 10.0.40219.1
Project("{FAE04EC0-301F-11D3-BF4B-00C04F79EFBC}") = "EscapeSequenceConstants", "EscapeSequenceConstants.csproj", "{9638B49A-B688-467F-820E-7FA18DBE4175}"
EndProject
Global
	GlobalSection(SolutionConfigurationPlatforms) = preSolution
		Debug|Any CPU = Debug|Any CPU
		Release|Any CPU = Release|Any CPU
	EndGlobalSection
	GlobalSection(ProjectConfigurationPlatforms) = postSolution
		{9638B49A-B688-467F-820E-7FA18DBE4175}.Debug|Any CPU.ActiveCfg = Debug|Any CPU
		{9638B49A-B688-467F-820E-7FA18DBE4175}.Debug|Any CPU.Build.0 = Debug|Any CPU
		{9638B49A-B688-467F-820E-7FA18DBE4175}.Release|Any CPU.ActiveCfg = Release|Any CPU
		{9638B49A-B688-467F-820E-7FA18DBE4175}.Release|Any CPU.Build.0 = Release|Any CPU
	EndGlobalSection
	GlobalSection(SolutionProperties) = preSolution
		HideSolutionNode = FALSE
	EndGlobalSection
	GlobalSection(ExtensibilityGlobals) = postSolution
		SolutionGuid = {26F14403-1BF4-4652-BD2F-8F37EC2DC2F9}
	EndGlobalSection
EndGlobal
